version = 1
requires-python = ">=3.13"

[[package]]
name = "attrs"
version = "25.3.0"
source = { registry = "https://pypi.org/simple" }
sdist = { url = "https://files.pythonhosted.org/packages/5a/b0/1367933a8532ee6ff8d63537de4f1177af4bff9f3e829baf7331f595bb24/attrs-25.3.0.tar.gz", hash = "sha256:75d7cefc7fb576747b2c81b4442d4d4a1ce0900973527c011d1030fd3bf4af1b", size = 812032 }
wheels = [
    { url = "https://files.pythonhosted.org/packages/77/06/bb80f5f86020c4551da315d78b3ab75e8228f89f0162f2c3a819e407941a/attrs-25.3.0-py3-none-any.whl", hash = "sha256:427318ce031701fea540783410126f03899a97ffc6f61596ad581ac2e40e3bc3", size = 63815 },
]

[[package]]
name = "cachelib"
version = "0.13.0"
source = { registry = "https://pypi.org/simple" }
sdist = { url = "https://files.pythonhosted.org/packages/1d/69/0b5c1259e12fbcf5c2abe5934b5c0c1294ec0f845e2b4b2a51a91d79a4fb/cachelib-0.13.0.tar.gz", hash = "sha256:209d8996e3c57595bee274ff97116d1d73c4980b2fd9a34c7846cd07fd2e1a48", size = 34418 }
wheels = [
    { url = "https://files.pythonhosted.org/packages/9b/42/960fc9896ddeb301716fdd554bab7941c35fb90a1dc7260b77df3366f87f/cachelib-0.13.0-py3-none-any.whl", hash = "sha256:8c8019e53b6302967d4e8329a504acf75e7bc46130291d30188a6e4e58162516", size = 20914 },
]

[[package]]
name = "certifi"
version = "2025.6.15"
source = { registry = "https://pypi.org/simple" }
sdist = { url = "https://files.pythonhosted.org/packages/73/f7/f14b46d4bcd21092d7d3ccef689615220d8a08fb25e564b65d20738e672e/certifi-2025.6.15.tar.gz", hash = "sha256:d747aa5a8b9bbbb1bb8c22bb13e22bd1f18e9796defa16bab421f7f7a317323b", size = 158753 }
wheels = [
    { url = "https://files.pythonhosted.org/packages/84/ae/320161bd181fc06471eed047ecce67b693fd7515b16d495d8932db763426/certifi-2025.6.15-py3-none-any.whl", hash = "sha256:2e0c7ce7cb5d8f8634ca55d2ba7e6ec2689a2fd6537d8dec1296a477a4910057", size = 157650 },
]

[[package]]
name = "charset-normalizer"
version = "3.4.2"
source = { registry = "https://pypi.org/simple" }
sdist = { url = "https://files.pythonhosted.org/packages/e4/33/89c2ced2b67d1c2a61c19c6751aa8902d46ce3dacb23600a283619f5a12d/charset_normalizer-3.4.2.tar.gz", hash = "sha256:5baececa9ecba31eff645232d59845c07aa030f0c81ee70184a90d35099a0e63", size = 126367 }
wheels = [
    { url = "https://files.pythonhosted.org/packages/ea/12/a93df3366ed32db1d907d7593a94f1fe6293903e3e92967bebd6950ed12c/charset_normalizer-3.4.2-cp313-cp313-macosx_10_13_universal2.whl", hash = "sha256:926ca93accd5d36ccdabd803392ddc3e03e6d4cd1cf17deff3b989ab8e9dbcf0", size = 199622 },
    { url = "https://files.pythonhosted.org/packages/04/93/bf204e6f344c39d9937d3c13c8cd5bbfc266472e51fc8c07cb7f64fcd2de/charset_normalizer-3.4.2-cp313-cp313-manylinux_2_17_aarch64.manylinux2014_aarch64.whl", hash = "sha256:eba9904b0f38a143592d9fc0e19e2df0fa2e41c3c3745554761c5f6447eedabf", size = 143435 },
    { url = "https://files.pythonhosted.org/packages/22/2a/ea8a2095b0bafa6c5b5a55ffdc2f924455233ee7b91c69b7edfcc9e02284/charset_normalizer-3.4.2-cp313-cp313-manylinux_2_17_ppc64le.manylinux2014_ppc64le.whl", hash = "sha256:3fddb7e2c84ac87ac3a947cb4e66d143ca5863ef48e4a5ecb83bd48619e4634e", size = 153653 },
    { url = "https://files.pythonhosted.org/packages/b6/57/1b090ff183d13cef485dfbe272e2fe57622a76694061353c59da52c9a659/charset_normalizer-3.4.2-cp313-cp313-manylinux_2_17_s390x.manylinux2014_s390x.whl", hash = "sha256:98f862da73774290f251b9df8d11161b6cf25b599a66baf087c1ffe340e9bfd1", size = 146231 },
    { url = "https://files.pythonhosted.org/packages/e2/28/ffc026b26f441fc67bd21ab7f03b313ab3fe46714a14b516f931abe1a2d8/charset_normalizer-3.4.2-cp313-cp313-manylinux_2_17_x86_64.manylinux2014_x86_64.whl", hash = "sha256:6c9379d65defcab82d07b2a9dfbfc2e95bc8fe0ebb1b176a3190230a3ef0e07c", size = 148243 },
    { url = "https://files.pythonhosted.org/packages/c0/0f/9abe9bd191629c33e69e47c6ef45ef99773320e9ad8e9cb08b8ab4a8d4cb/charset_normalizer-3.4.2-cp313-cp313-manylinux_2_5_i686.manylinux1_i686.manylinux_2_17_i686.manylinux2014_i686.whl", hash = "sha256:e635b87f01ebc977342e2697d05b56632f5f879a4f15955dfe8cef2448b51691", size = 150442 },
    { url = "https://files.pythonhosted.org/packages/67/7c/a123bbcedca91d5916c056407f89a7f5e8fdfce12ba825d7d6b9954a1a3c/charset_normalizer-3.4.2-cp313-cp313-musllinux_1_2_aarch64.whl", hash = "sha256:1c95a1e2902a8b722868587c0e1184ad5c55631de5afc0eb96bc4b0d738092c0", size = 145147 },
    { url = "https://files.pythonhosted.org/packages/ec/fe/1ac556fa4899d967b83e9893788e86b6af4d83e4726511eaaad035e36595/charset_normalizer-3.4.2-cp313-cp313-musllinux_1_2_i686.whl", hash = "sha256:ef8de666d6179b009dce7bcb2ad4c4a779f113f12caf8dc77f0162c29d20490b", size = 153057 },
    { url = "https://files.pythonhosted.org/packages/2b/ff/acfc0b0a70b19e3e54febdd5301a98b72fa07635e56f24f60502e954c461/charset_normalizer-3.4.2-cp313-cp313-musllinux_1_2_ppc64le.whl", hash = "sha256:32fc0341d72e0f73f80acb0a2c94216bd704f4f0bce10aedea38f30502b271ff", size = 156454 },
    { url = "https://files.pythonhosted.org/packages/92/08/95b458ce9c740d0645feb0e96cea1f5ec946ea9c580a94adfe0b617f3573/charset_normalizer-3.4.2-cp313-cp313-musllinux_1_2_s390x.whl", hash = "sha256:289200a18fa698949d2b39c671c2cc7a24d44096784e76614899a7ccf2574b7b", size = 154174 },
    { url = "https://files.pythonhosted.org/packages/78/be/8392efc43487ac051eee6c36d5fbd63032d78f7728cb37aebcc98191f1ff/charset_normalizer-3.4.2-cp313-cp313-musllinux_1_2_x86_64.whl", hash = "sha256:4a476b06fbcf359ad25d34a057b7219281286ae2477cc5ff5e3f70a246971148", size = 149166 },
    { url = "https://files.pythonhosted.org/packages/44/96/392abd49b094d30b91d9fbda6a69519e95802250b777841cf3bda8fe136c/charset_normalizer-3.4.2-cp313-cp313-win32.whl", hash = "sha256:aaeeb6a479c7667fbe1099af9617c83aaca22182d6cf8c53966491a0f1b7ffb7", size = 98064 },
    { url = "https://files.pythonhosted.org/packages/e9/b0/0200da600134e001d91851ddc797809e2fe0ea72de90e09bec5a2fbdaccb/charset_normalizer-3.4.2-cp313-cp313-win_amd64.whl", hash = "sha256:aa6af9e7d59f9c12b33ae4e9450619cf2488e2bbe9b44030905877f0b2324980", size = 105641 },
    { url = "https://files.pythonhosted.org/packages/20/94/c5790835a017658cbfabd07f3bfb549140c3ac458cfc196323996b10095a/charset_normalizer-3.4.2-py3-none-any.whl", hash = "sha256:7f56930ab0abd1c45cd15be65cc741c28b1c9a34876ce8c17a2fa107810c0af0", size = 52626 },
]

[[package]]
name = "click"
version = "8.2.1"
source = { registry = "https://pypi.org/simple" }
dependencies = [
    { name = "colorama", marker = "sys_platform == 'win32'" },
]
sdist = { url = "https://files.pythonhosted.org/packages/60/6c/8ca2efa64cf75a977a0d7fac081354553ebe483345c734fb6b6515d96bbc/click-8.2.1.tar.gz", hash = "sha256:27c491cc05d968d271d5a1db13e3b5a184636d9d930f148c50b038f0d0646202", size = 286342 }
wheels = [
    { url = "https://files.pythonhosted.org/packages/85/32/10bb5764d90a8eee674e9dc6f4db6a0ab47c8c4d0d83c27f7c39ac415a4d/click-8.2.1-py3-none-any.whl", hash = "sha256:61a3265b914e850b85317d0b3109c7f8cd35a670f963866005d6ef1d5175a12b", size = 102215 },
]

[[package]]
name = "clickclick"
version = "20.10.2"
source = { registry = "https://pypi.org/simple" }
dependencies = [
    { name = "click" },
    { name = "pyyaml" },
]
sdist = { url = "https://files.pythonhosted.org/packages/c6/19/f91d85941b79964d569a3729bf9f8b7f85ab47240248e77b7c0c8ed6ecc3/clickclick-20.10.2.tar.gz", hash = "sha256:4efb13e62353e34c5eef7ed6582c4920b418d7dedc86d819e22ee089ba01802c", size = 9914 }
wheels = [
    { url = "https://files.pythonhosted.org/packages/7a/7e/c08007d3fb2bbefb430437a3573373590abedc03566b785d7d6763b22480/clickclick-20.10.2-py2.py3-none-any.whl", hash = "sha256:c8f33e6d9ec83f68416dd2136a7950125bd256ec39ccc9a85c6e280a16be2bb5", size = 7368 },
]

[[package]]
name = "colorama"
version = "0.4.6"
source = { registry = "https://pypi.org/simple" }
sdist = { url = "https://files.pythonhosted.org/packages/d8/53/6f443c9a4a8358a93a6792e2acffb9d9d5cb0a5cfd8802644b7b1c9a02e4/colorama-0.4.6.tar.gz", hash = "sha256:08695f5cb7ed6e0531a20572697297273c47b8cae5a63ffc6d6ed5c201be6e44", size = 27697 }
wheels = [
    { url = "https://files.pythonhosted.org/packages/d1/d6/3965ed04c63042e047cb6a3e6ed1a63a35087b6a609aa3a15ed8ac56c221/colorama-0.4.6-py2.py3-none-any.whl", hash = "sha256:4f1d9991f5acc0ca119f9d443620b77f9d6b33703e51011c16baf57afb285fc6", size = 25335 },
]

[[package]]
name = "connexion"
version = "2.14.2"
source = { registry = "https://pypi.org/simple" }
dependencies = [
    { name = "clickclick" },
    { name = "flask" },
    { name = "inflection" },
    { name = "itsdangerous" },
    { name = "jsonschema" },
    { name = "packaging" },
    { name = "pyyaml" },
    { name = "requests" },
    { name = "werkzeug" },
]
sdist = { url = "https://files.pythonhosted.org/packages/8f/8b/c1d8a2e9327787354e936184f424b1ae96e526a0dad031bbc218c9dcaf35/connexion-2.14.2.tar.gz", hash = "sha256:dbc06f52ebeebcf045c9904d570f24377e8bbd5a6521caef15a06f634cf85646", size = 82819 }
wheels = [
    { url = "https://files.pythonhosted.org/packages/ed/e6/851b3d7688115b176eb5d3e45055d1dc5b2b91708007064a38b0e93813ed/connexion-2.14.2-py2.py3-none-any.whl", hash = "sha256:a73b96a0e07b16979a42cde7c7e26afe8548099e352cf350f80c57185e0e0b36", size = 95127 },
]

[package.optional-dependencies]
swagger-ui = [
    { name = "swagger-ui-bundle" },
]

[[package]]
name = "flask"
version = "2.2.5"
source = { registry = "https://pypi.org/simple" }
dependencies = [
    { name = "click" },
    { name = "itsdangerous" },
    { name = "jinja2" },
    { name = "werkzeug" },
]
sdist = { url = "https://files.pythonhosted.org/packages/5f/76/a4d2c4436dda4b0a12c71e075c508ea7988a1066b06a575f6afe4fecc023/Flask-2.2.5.tar.gz", hash = "sha256:edee9b0a7ff26621bd5a8c10ff484ae28737a2410d99b0bb9a6850c7fb977aa0", size = 697814 }
wheels = [
    { url = "https://files.pythonhosted.org/packages/9f/1a/8b6d48162861009d1e017a9740431c78d860809773b66cac220a11aa3310/Flask-2.2.5-py3-none-any.whl", hash = "sha256:58107ed83443e86067e41eff4631b058178191a355886f8e479e347fa1285fdf", size = 101817 },
]

[[package]]
name = "flask-caching"
version = "2.3.1"
source = { registry = "https://pypi.org/simple" }
dependencies = [
    { name = "cachelib" },
    { name = "flask" },
]
sdist = { url = "https://files.pythonhosted.org/packages/e2/80/74846c8af58ed60972d64f23a6cd0c3ac0175677d7555dff9f51bf82c294/flask_caching-2.3.1.tar.gz", hash = "sha256:65d7fd1b4eebf810f844de7de6258254b3248296ee429bdcb3f741bcbf7b98c9", size = 67560 }
wheels = [
    { url = "https://files.pythonhosted.org/packages/00/bb/82daa5e2fcecafadcc8659ce5779679d0641666f9252a4d5a2ae987b0506/Flask_Caching-2.3.1-py3-none-any.whl", hash = "sha256:d3efcf600e5925ea5a2fcb810f13b341ae984f5b52c00e9d9070392f3ca10761", size = 28916 },
]

[[package]]
name = "flask-cors"
version = "6.0.1"
source = { registry = "https://pypi.org/simple" }
dependencies = [
    { name = "flask" },
    { name = "werkzeug" },
]
sdist = { url = "https://files.pythonhosted.org/packages/76/37/bcfa6c7d5eec777c4c7cf45ce6b27631cebe5230caf88d85eadd63edd37a/flask_cors-6.0.1.tar.gz", hash = "sha256:d81bcb31f07b0985be7f48406247e9243aced229b7747219160a0559edd678db", size = 13463 }
wheels = [
    { url = "https://files.pythonhosted.org/packages/17/f8/01bf35a3afd734345528f98d0353f2a978a476528ad4d7e78b70c4d149dd/flask_cors-6.0.1-py3-none-any.whl", hash = "sha256:c7b2cbfb1a31aa0d2e5341eea03a6805349f7a61647daee1a15c46bbe981494c", size = 13244 },
]

[[package]]
name = "flask-dotenv"
version = "0.1.2"
source = { registry = "https://pypi.org/simple" }
dependencies = [
    { name = "flask" },
]
sdist = { url = "https://files.pythonhosted.org/packages/c9/53/0892440c506c030206744128b81a26c5689988f280f493f56964b17449ab/Flask-DotEnv-0.1.2.tar.gz", hash = "sha256:8ef7d21877fdebdb46276da07ccb9a55b45fa657e476b0c7b7f5f1fa071057f6", size = 4024 }

[[package]]
name = "gunicorn"
version = "23.0.0"
source = { registry = "https://pypi.org/simple" }
dependencies = [
    { name = "packaging" },
]
sdist = { url = "https://files.pythonhosted.org/packages/34/72/9614c465dc206155d93eff0ca20d42e1e35afc533971379482de953521a4/gunicorn-23.0.0.tar.gz", hash = "sha256:f014447a0101dc57e294f6c18ca6b40227a4c90e9bdb586042628030cba004ec", size = 375031 }
wheels = [
    { url = "https://files.pythonhosted.org/packages/cb/7d/6dac2a6e1eba33ee43f318edbed4ff29151a49b5d37f080aad1e6469bca4/gunicorn-23.0.0-py3-none-any.whl", hash = "sha256:ec400d38950de4dfd418cff8328b2c8faed0edb0d517d3394e457c317908ca4d", size = 85029 },
]

[[package]]
name = "idna"
version = "3.10"
source = { registry = "https://pypi.org/simple" }
sdist = { url = "https://files.pythonhosted.org/packages/f1/70/7703c29685631f5a7590aa73f1f1d3fa9a380e654b86af429e0934a32f7d/idna-3.10.tar.gz", hash = "sha256:12f65c9b470abda6dc35cf8e63cc574b1c52b11df2c86030af0ac09b01b13ea9", size = 190490 }
wheels = [
    { url = "https://files.pythonhosted.org/packages/76/c6/c88e154df9c4e1a2a66ccf0005a88dfb2650c1dffb6f5ce603dfbd452ce3/idna-3.10-py3-none-any.whl", hash = "sha256:946d195a0d259cbba61165e88e65941f16e9b36ea6ddb97f00452bae8b1287d3", size = 70442 },
]

[[package]]
name = "inflection"
version = "0.5.1"
source = { registry = "https://pypi.org/simple" }
sdist = { url = "https://files.pythonhosted.org/packages/e1/7e/691d061b7329bc8d54edbf0ec22fbfb2afe61facb681f9aaa9bff7a27d04/inflection-0.5.1.tar.gz", hash = "sha256:1a29730d366e996aaacffb2f1f1cb9593dc38e2ddd30c91250c6dde09ea9b417", size = 15091 }
wheels = [
    { url = "https://files.pythonhosted.org/packages/59/91/aa6bde563e0085a02a435aa99b49ef75b0a4b062635e606dab23ce18d720/inflection-0.5.1-py2.py3-none-any.whl", hash = "sha256:f38b2b640938a4f35ade69ac3d053042959b62a0f1076a5bbaa1b9526605a8a2", size = 9454 },
]

[[package]]
name = "itsdangerous"
version = "2.2.0"
source = { registry = "https://pypi.org/simple" }
sdist = { url = "https://files.pythonhosted.org/packages/9c/cb/8ac0172223afbccb63986cc25049b154ecfb5e85932587206f42317be31d/itsdangerous-2.2.0.tar.gz", hash = "sha256:e0050c0b7da1eea53ffaf149c0cfbb5c6e2e2b69c4bef22c81fa6eb73e5f6173", size = 54410 }
wheels = [
    { url = "https://files.pythonhosted.org/packages/04/96/92447566d16df59b2a776c0fb82dbc4d9e07cd95062562af01e408583fc4/itsdangerous-2.2.0-py3-none-any.whl", hash = "sha256:c6242fc49e35958c8b15141343aa660db5fc54d4f13a1db01a3f5891b98700ef", size = 16234 },
]

[[package]]
name = "jinja2"
version = "3.1.6"
source = { registry = "https://pypi.org/simple" }
dependencies = [
    { name = "markupsafe" },
]
sdist = { url = "https://files.pythonhosted.org/packages/df/bf/f7da0350254c0ed7c72f3e33cef02e048281fec7ecec5f032d4aac52226b/jinja2-3.1.6.tar.gz", hash = "sha256:0137fb05990d35f1275a587e9aee6d56da821fc83491a0fb838183be43f66d6d", size = 245115 }
wheels = [
    { url = "https://files.pythonhosted.org/packages/62/a1/3d680cbfd5f4b8f15abc1d571870c5fc3e594bb582bc3b64ea099db13e56/jinja2-3.1.6-py3-none-any.whl", hash = "sha256:85ece4451f492d0c13c5dd7c13a64681a86afae63a5f347908daf103ce6d2f67", size = 134899 },
]

[[package]]
name = "jsonschema"
version = "4.24.0"
source = { registry = "https://pypi.org/simple" }
dependencies = [
    { name = "attrs" },
    { name = "jsonschema-specifications" },
    { name = "referencing" },
    { name = "rpds-py" },
]
sdist = { url = "https://files.pythonhosted.org/packages/bf/d3/1cf5326b923a53515d8f3a2cd442e6d7e94fcc444716e879ea70a0ce3177/jsonschema-4.24.0.tar.gz", hash = "sha256:0b4e8069eb12aedfa881333004bccaec24ecef5a8a6a4b6df142b2cc9599d196", size = 353480 }
wheels = [
    { url = "https://files.pythonhosted.org/packages/a2/3d/023389198f69c722d039351050738d6755376c8fd343e91dc493ea485905/jsonschema-4.24.0-py3-none-any.whl", hash = "sha256:a462455f19f5faf404a7902952b6f0e3ce868f3ee09a359b05eca6673bd8412d", size = 88709 },
]

[[package]]
name = "jsonschema-specifications"
version = "2025.4.1"
source = { registry = "https://pypi.org/simple" }
dependencies = [
    { name = "referencing" },
]
sdist = { url = "https://files.pythonhosted.org/packages/bf/ce/46fbd9c8119cfc3581ee5643ea49464d168028cfb5caff5fc0596d0cf914/jsonschema_specifications-2025.4.1.tar.gz", hash = "sha256:630159c9f4dbea161a6a2205c3011cc4f18ff381b189fff48bb39b9bf26ae608", size = 15513 }
wheels = [
    { url = "https://files.pythonhosted.org/packages/01/0e/b27cdbaccf30b890c40ed1da9fd4a3593a5cf94dae54fb34f8a4b74fcd3f/jsonschema_specifications-2025.4.1-py3-none-any.whl", hash = "sha256:4653bffbd6584f7de83a67e0d620ef16900b390ddc7939d56684d6c81e33f1af", size = 18437 },
]

[[package]]
name = "lxml"
version = "5.4.0"
source = { registry = "https://pypi.org/simple" }
sdist = { url = "https://files.pythonhosted.org/packages/76/3d/14e82fc7c8fb1b7761f7e748fd47e2ec8276d137b6acfe5a4bb73853e08f/lxml-5.4.0.tar.gz", hash = "sha256:d12832e1dbea4be280b22fd0ea7c9b87f0d8fc51ba06e92dc62d52f804f78ebd", size = 3679479 }
wheels = [
    { url = "https://files.pythonhosted.org/packages/87/cb/2ba1e9dd953415f58548506fa5549a7f373ae55e80c61c9041b7fd09a38a/lxml-5.4.0-cp313-cp313-macosx_10_13_universal2.whl", hash = "sha256:773e27b62920199c6197130632c18fb7ead3257fce1ffb7d286912e56ddb79e0", size = 8110086 },
    { url = "https://files.pythonhosted.org/packages/b5/3e/6602a4dca3ae344e8609914d6ab22e52ce42e3e1638c10967568c5c1450d/lxml-5.4.0-cp313-cp313-macosx_10_13_x86_64.whl", hash = "sha256:ce9c671845de9699904b1e9df95acfe8dfc183f2310f163cdaa91a3535af95de", size = 4404613 },
    { url = "https://files.pythonhosted.org/packages/4c/72/bf00988477d3bb452bef9436e45aeea82bb40cdfb4684b83c967c53909c7/lxml-5.4.0-cp313-cp313-manylinux_2_12_i686.manylinux2010_i686.manylinux_2_17_i686.manylinux2014_i686.whl", hash = "sha256:9454b8d8200ec99a224df8854786262b1bd6461f4280064c807303c642c05e76", size = 5012008 },
    { url = "https://files.pythonhosted.org/packages/92/1f/93e42d93e9e7a44b2d3354c462cd784dbaaf350f7976b5d7c3f85d68d1b1/lxml-5.4.0-cp313-cp313-manylinux_2_17_aarch64.manylinux2014_aarch64.whl", hash = "sha256:cccd007d5c95279e529c146d095f1d39ac05139de26c098166c4beb9374b0f4d", size = 4760915 },
    { url = "https://files.pythonhosted.org/packages/45/0b/363009390d0b461cf9976a499e83b68f792e4c32ecef092f3f9ef9c4ba54/lxml-5.4.0-cp313-cp313-manylinux_2_17_ppc64le.manylinux2014_ppc64le.whl", hash = "sha256:0fce1294a0497edb034cb416ad3e77ecc89b313cff7adbee5334e4dc0d11f422", size = 5283890 },
    { url = "https://files.pythonhosted.org/packages/19/dc/6056c332f9378ab476c88e301e6549a0454dbee8f0ae16847414f0eccb74/lxml-5.4.0-cp313-cp313-manylinux_2_17_s390x.manylinux2014_s390x.whl", hash = "sha256:24974f774f3a78ac12b95e3a20ef0931795ff04dbb16db81a90c37f589819551", size = 4812644 },
    { url = "https://files.pythonhosted.org/packages/ee/8a/f8c66bbb23ecb9048a46a5ef9b495fd23f7543df642dabeebcb2eeb66592/lxml-5.4.0-cp313-cp313-manylinux_2_17_x86_64.manylinux2014_x86_64.whl", hash = "sha256:497cab4d8254c2a90bf988f162ace2ddbfdd806fce3bda3f581b9d24c852e03c", size = 4921817 },
    { url = "https://files.pythonhosted.org/packages/04/57/2e537083c3f381f83d05d9b176f0d838a9e8961f7ed8ddce3f0217179ce3/lxml-5.4.0-cp313-cp313-manylinux_2_28_aarch64.whl", hash = "sha256:e794f698ae4c5084414efea0f5cc9f4ac562ec02d66e1484ff822ef97c2cadff", size = 4753916 },
    { url = "https://files.pythonhosted.org/packages/d8/80/ea8c4072109a350848f1157ce83ccd9439601274035cd045ac31f47f3417/lxml-5.4.0-cp313-cp313-manylinux_2_28_ppc64le.whl", hash = "sha256:2c62891b1ea3094bb12097822b3d44b93fc6c325f2043c4d2736a8ff09e65f60", size = 5289274 },
    { url = "https://files.pythonhosted.org/packages/b3/47/c4be287c48cdc304483457878a3f22999098b9a95f455e3c4bda7ec7fc72/lxml-5.4.0-cp313-cp313-manylinux_2_28_s390x.whl", hash = "sha256:142accb3e4d1edae4b392bd165a9abdee8a3c432a2cca193df995bc3886249c8", size = 4874757 },
    { url = "https://files.pythonhosted.org/packages/2f/04/6ef935dc74e729932e39478e44d8cfe6a83550552eaa072b7c05f6f22488/lxml-5.4.0-cp313-cp313-manylinux_2_28_x86_64.whl", hash = "sha256:1a42b3a19346e5601d1b8296ff6ef3d76038058f311902edd574461e9c036982", size = 4947028 },
    { url = "https://files.pythonhosted.org/packages/cb/f9/c33fc8daa373ef8a7daddb53175289024512b6619bc9de36d77dca3df44b/lxml-5.4.0-cp313-cp313-musllinux_1_2_aarch64.whl", hash = "sha256:4291d3c409a17febf817259cb37bc62cb7eb398bcc95c1356947e2871911ae61", size = 4834487 },
    { url = "https://files.pythonhosted.org/packages/8d/30/fc92bb595bcb878311e01b418b57d13900f84c2b94f6eca9e5073ea756e6/lxml-5.4.0-cp313-cp313-musllinux_1_2_ppc64le.whl", hash = "sha256:4f5322cf38fe0e21c2d73901abf68e6329dc02a4994e483adbcf92b568a09a54", size = 5381688 },
    { url = "https://files.pythonhosted.org/packages/43/d1/3ba7bd978ce28bba8e3da2c2e9d5ae3f8f521ad3f0ca6ea4788d086ba00d/lxml-5.4.0-cp313-cp313-musllinux_1_2_s390x.whl", hash = "sha256:0be91891bdb06ebe65122aa6bf3fc94489960cf7e03033c6f83a90863b23c58b", size = 5242043 },
    { url = "https://files.pythonhosted.org/packages/ee/cd/95fa2201041a610c4d08ddaf31d43b98ecc4b1d74b1e7245b1abdab443cb/lxml-5.4.0-cp313-cp313-musllinux_1_2_x86_64.whl", hash = "sha256:15a665ad90054a3d4f397bc40f73948d48e36e4c09f9bcffc7d90c87410e478a", size = 5021569 },
    { url = "https://files.pythonhosted.org/packages/2d/a6/31da006fead660b9512d08d23d31e93ad3477dd47cc42e3285f143443176/lxml-5.4.0-cp313-cp313-win32.whl", hash = "sha256:d5663bc1b471c79f5c833cffbc9b87d7bf13f87e055a5c86c363ccd2348d7e82", size = 3485270 },
    { url = "https://files.pythonhosted.org/packages/fc/14/c115516c62a7d2499781d2d3d7215218c0731b2c940753bf9f9b7b73924d/lxml-5.4.0-cp313-cp313-win_amd64.whl", hash = "sha256:bcb7a1096b4b6b24ce1ac24d4942ad98f983cd3810f9711bcd0293f43a9d8b9f", size = 3814606 },
]

[[package]]
name = "markupsafe"
version = "3.0.2"
source = { registry = "https://pypi.org/simple" }
sdist = { url = "https://files.pythonhosted.org/packages/b2/97/5d42485e71dfc078108a86d6de8fa46db44a1a9295e89c5d6d4a06e23a62/markupsafe-3.0.2.tar.gz", hash = "sha256:ee55d3edf80167e48ea11a923c7386f4669df67d7994554387f84e7d8b0a2bf0", size = 20537 }
wheels = [
    { url = "https://files.pythonhosted.org/packages/83/0e/67eb10a7ecc77a0c2bbe2b0235765b98d164d81600746914bebada795e97/MarkupSafe-3.0.2-cp313-cp313-macosx_10_13_universal2.whl", hash = "sha256:ba9527cdd4c926ed0760bc301f6728ef34d841f405abf9d4f959c478421e4efd", size = 14274 },
    { url = "https://files.pythonhosted.org/packages/2b/6d/9409f3684d3335375d04e5f05744dfe7e9f120062c9857df4ab490a1031a/MarkupSafe-3.0.2-cp313-cp313-macosx_11_0_arm64.whl", hash = "sha256:f8b3d067f2e40fe93e1ccdd6b2e1d16c43140e76f02fb1319a05cf2b79d99430", size = 12352 },
    { url = "https://files.pythonhosted.org/packages/d2/f5/6eadfcd3885ea85fe2a7c128315cc1bb7241e1987443d78c8fe712d03091/MarkupSafe-3.0.2-cp313-cp313-manylinux_2_17_aarch64.manylinux2014_aarch64.whl", hash = "sha256:569511d3b58c8791ab4c2e1285575265991e6d8f8700c7be0e88f86cb0672094", size = 24122 },
    { url = "https://files.pythonhosted.org/packages/0c/91/96cf928db8236f1bfab6ce15ad070dfdd02ed88261c2afafd4b43575e9e9/MarkupSafe-3.0.2-cp313-cp313-manylinux_2_17_x86_64.manylinux2014_x86_64.whl", hash = "sha256:15ab75ef81add55874e7ab7055e9c397312385bd9ced94920f2802310c930396", size = 23085 },
    { url = "https://files.pythonhosted.org/packages/c2/cf/c9d56af24d56ea04daae7ac0940232d31d5a8354f2b457c6d856b2057d69/MarkupSafe-3.0.2-cp313-cp313-manylinux_2_5_i686.manylinux1_i686.manylinux_2_17_i686.manylinux2014_i686.whl", hash = "sha256:f3818cb119498c0678015754eba762e0d61e5b52d34c8b13d770f0719f7b1d79", size = 22978 },
    { url = "https://files.pythonhosted.org/packages/2a/9f/8619835cd6a711d6272d62abb78c033bda638fdc54c4e7f4272cf1c0962b/MarkupSafe-3.0.2-cp313-cp313-musllinux_1_2_aarch64.whl", hash = "sha256:cdb82a876c47801bb54a690c5ae105a46b392ac6099881cdfb9f6e95e4014c6a", size = 24208 },
    { url = "https://files.pythonhosted.org/packages/f9/bf/176950a1792b2cd2102b8ffeb5133e1ed984547b75db47c25a67d3359f77/MarkupSafe-3.0.2-cp313-cp313-musllinux_1_2_i686.whl", hash = "sha256:cabc348d87e913db6ab4aa100f01b08f481097838bdddf7c7a84b7575b7309ca", size = 23357 },
    { url = "https://files.pythonhosted.org/packages/ce/4f/9a02c1d335caabe5c4efb90e1b6e8ee944aa245c1aaaab8e8a618987d816/MarkupSafe-3.0.2-cp313-cp313-musllinux_1_2_x86_64.whl", hash = "sha256:444dcda765c8a838eaae23112db52f1efaf750daddb2d9ca300bcae1039adc5c", size = 23344 },
    { url = "https://files.pythonhosted.org/packages/ee/55/c271b57db36f748f0e04a759ace9f8f759ccf22b4960c270c78a394f58be/MarkupSafe-3.0.2-cp313-cp313-win32.whl", hash = "sha256:bcf3e58998965654fdaff38e58584d8937aa3096ab5354d493c77d1fdd66d7a1", size = 15101 },
    { url = "https://files.pythonhosted.org/packages/29/88/07df22d2dd4df40aba9f3e402e6dc1b8ee86297dddbad4872bd5e7b0094f/MarkupSafe-3.0.2-cp313-cp313-win_amd64.whl", hash = "sha256:e6a2a455bd412959b57a172ce6328d2dd1f01cb2135efda2e4576e8a23fa3b0f", size = 15603 },
    { url = "https://files.pythonhosted.org/packages/62/6a/8b89d24db2d32d433dffcd6a8779159da109842434f1dd2f6e71f32f738c/MarkupSafe-3.0.2-cp313-cp313t-macosx_10_13_universal2.whl", hash = "sha256:b5a6b3ada725cea8a5e634536b1b01c30bcdcd7f9c6fff4151548d5bf6b3a36c", size = 14510 },
    { url = "https://files.pythonhosted.org/packages/7a/06/a10f955f70a2e5a9bf78d11a161029d278eeacbd35ef806c3fd17b13060d/MarkupSafe-3.0.2-cp313-cp313t-macosx_11_0_arm64.whl", hash = "sha256:a904af0a6162c73e3edcb969eeeb53a63ceeb5d8cf642fade7d39e7963a22ddb", size = 12486 },
    { url = "https://files.pythonhosted.org/packages/34/cf/65d4a571869a1a9078198ca28f39fba5fbb910f952f9dbc5220afff9f5e6/MarkupSafe-3.0.2-cp313-cp313t-manylinux_2_17_aarch64.manylinux2014_aarch64.whl", hash = "sha256:4aa4e5faecf353ed117801a068ebab7b7e09ffb6e1d5e412dc852e0da018126c", size = 25480 },
    { url = "https://files.pythonhosted.org/packages/0c/e3/90e9651924c430b885468b56b3d597cabf6d72be4b24a0acd1fa0e12af67/MarkupSafe-3.0.2-cp313-cp313t-manylinux_2_17_x86_64.manylinux2014_x86_64.whl", hash = "sha256:c0ef13eaeee5b615fb07c9a7dadb38eac06a0608b41570d8ade51c56539e509d", size = 23914 },
    { url = "https://files.pythonhosted.org/packages/66/8c/6c7cf61f95d63bb866db39085150df1f2a5bd3335298f14a66b48e92659c/MarkupSafe-3.0.2-cp313-cp313t-manylinux_2_5_i686.manylinux1_i686.manylinux_2_17_i686.manylinux2014_i686.whl", hash = "sha256:d16a81a06776313e817c951135cf7340a3e91e8c1ff2fac444cfd75fffa04afe", size = 23796 },
    { url = "https://files.pythonhosted.org/packages/bb/35/cbe9238ec3f47ac9a7c8b3df7a808e7cb50fe149dc7039f5f454b3fba218/MarkupSafe-3.0.2-cp313-cp313t-musllinux_1_2_aarch64.whl", hash = "sha256:6381026f158fdb7c72a168278597a5e3a5222e83ea18f543112b2662a9b699c5", size = 25473 },
    { url = "https://files.pythonhosted.org/packages/e6/32/7621a4382488aa283cc05e8984a9c219abad3bca087be9ec77e89939ded9/MarkupSafe-3.0.2-cp313-cp313t-musllinux_1_2_i686.whl", hash = "sha256:3d79d162e7be8f996986c064d1c7c817f6df3a77fe3d6859f6f9e7be4b8c213a", size = 24114 },
    { url = "https://files.pythonhosted.org/packages/0d/80/0985960e4b89922cb5a0bac0ed39c5b96cbc1a536a99f30e8c220a996ed9/MarkupSafe-3.0.2-cp313-cp313t-musllinux_1_2_x86_64.whl", hash = "sha256:131a3c7689c85f5ad20f9f6fb1b866f402c445b220c19fe4308c0b147ccd2ad9", size = 24098 },
    { url = "https://files.pythonhosted.org/packages/82/78/fedb03c7d5380df2427038ec8d973587e90561b2d90cd472ce9254cf348b/MarkupSafe-3.0.2-cp313-cp313t-win32.whl", hash = "sha256:ba8062ed2cf21c07a9e295d5b8a2a5ce678b913b45fdf68c32d95d6c1291e0b6", size = 15208 },
    { url = "https://files.pythonhosted.org/packages/4f/65/6079a46068dfceaeabb5dcad6d674f5f5c61a6fa5673746f42a9f4c233b3/MarkupSafe-3.0.2-cp313-cp313t-win_amd64.whl", hash = "sha256:e444a31f8db13eb18ada366ab3cf45fd4b31e4db1236a4448f68778c1d1a5a2f", size = 15739 },
]

[[package]]
name = "neo4j"
version = "5.28.1"
source = { registry = "https://pypi.org/simple" }
dependencies = [
    { name = "pytz" },
]
sdist = { url = "https://files.pythonhosted.org/packages/4b/20/733dac16f7cedc80b23093415822c9763302519cba0e7c8bcdb5c01fc512/neo4j-5.28.1.tar.gz", hash = "sha256:ae8e37a1d895099062c75bc359b2cce62099baac7be768d0eba7180c1298e214", size = 231094 }
wheels = [
    { url = "https://files.pythonhosted.org/packages/6a/57/94225fe5e9dabdc0ff60c88cbfcedf11277f4b34e7ab1373d3e62dbdd207/neo4j-5.28.1-py3-none-any.whl", hash = "sha256:6755ef9e5f4e14b403aef1138fb6315b120631a0075c138b5ddb2a06b87b09fd", size = 312258 },
]

[[package]]
name = "packaging"
version = "25.0"
source = { registry = "https://pypi.org/simple" }
sdist = { url = "https://files.pythonhosted.org/packages/a1/d4/1fc4078c65507b51b96ca8f8c3ba19e6a61c8253c72794544580a7b6c24d/packaging-25.0.tar.gz", hash = "sha256:d443872c98d677bf60f6a1f2f8c1cb748e8fe762d2bf9d3148b5599295b0fc4f", size = 165727 }
wheels = [
    { url = "https://files.pythonhosted.org/packages/20/12/38679034af332785aac8774540895e234f4d07f7545804097de4b666afd8/packaging-25.0-py3-none-any.whl", hash = "sha256:29572ef2b1f17581046b3a2227d5c611fb25ec70ca1ba8554b24b0e69331a484", size = 66469 },
]

[[package]]
name = "python-dateutil"
version = "2.9.0.post0"
source = { registry = "https://pypi.org/simple" }
dependencies = [
    { name = "six" },
]
sdist = { url = "https://files.pythonhosted.org/packages/66/c0/0c8b6ad9f17a802ee498c46e004a0eb49bc148f2fd230864601a86dcf6db/python-dateutil-2.9.0.post0.tar.gz", hash = "sha256:37dd54208da7e1cd875388217d5e00ebd4179249f90fb72437e91a35459a0ad3", size = 342432 }
wheels = [
    { url = "https://files.pythonhosted.org/packages/ec/57/56b9bcc3c9c6a792fcbaf139543cee77261f3651ca9da0c93f5c1221264b/python_dateutil-2.9.0.post0-py2.py3-none-any.whl", hash = "sha256:a8b2bc7bffae282281c8140a97d3aa9c14da0b136dfe83f850eea9a5f7470427", size = 229892 },
]

[[package]]
name = "python-dotenv"
version = "1.1.1"
source = { registry = "https://pypi.org/simple" }
sdist = { url = "https://files.pythonhosted.org/packages/f6/b0/4bc07ccd3572a2f9df7e6782f52b0c6c90dcbb803ac4a167702d7d0dfe1e/python_dotenv-1.1.1.tar.gz", hash = "sha256:a8a6399716257f45be6a007360200409fce5cda2661e3dec71d23dc15f6189ab", size = 41978 }
wheels = [
    { url = "https://files.pythonhosted.org/packages/5f/ed/539768cf28c661b5b068d66d96a2f155c4971a5d55684a514c1a0e0dec2f/python_dotenv-1.1.1-py3-none-any.whl", hash = "sha256:31f23644fe2602f88ff55e1f5c79ba497e01224ee7737937930c448e4d0e24dc", size = 20556 },
]

[[package]]
name = "pytz"
version = "2025.2"
source = { registry = "https://pypi.org/simple" }
sdist = { url = "https://files.pythonhosted.org/packages/f8/bf/abbd3cdfb8fbc7fb3d4d38d320f2441b1e7cbe29be4f23797b4a2b5d8aac/pytz-2025.2.tar.gz", hash = "sha256:360b9e3dbb49a209c21ad61809c7fb453643e048b38924c765813546746e81c3", size = 320884 }
wheels = [
    { url = "https://files.pythonhosted.org/packages/81/c4/34e93fe5f5429d7570ec1fa436f1986fb1f00c3e0f43a589fe2bbcd22c3f/pytz-2025.2-py2.py3-none-any.whl", hash = "sha256:5ddf76296dd8c44c26eb8f4b6f35488f3ccbf6fbbd7adee0b7262d43f0ec2f00", size = 509225 },
]

[[package]]
name = "pyyaml"
version = "6.0.2"
source = { registry = "https://pypi.org/simple" }
sdist = { url = "https://files.pythonhosted.org/packages/54/ed/79a089b6be93607fa5cdaedf301d7dfb23af5f25c398d5ead2525b063e17/pyyaml-6.0.2.tar.gz", hash = "sha256:d584d9ec91ad65861cc08d42e834324ef890a082e591037abe114850ff7bbc3e", size = 130631 }
wheels = [
    { url = "https://files.pythonhosted.org/packages/ef/e3/3af305b830494fa85d95f6d95ef7fa73f2ee1cc8ef5b495c7c3269fb835f/PyYAML-6.0.2-cp313-cp313-macosx_10_13_x86_64.whl", hash = "sha256:efdca5630322a10774e8e98e1af481aad470dd62c3170801852d752aa7a783ba", size = 181309 },
    { url = "https://files.pythonhosted.org/packages/45/9f/3b1c20a0b7a3200524eb0076cc027a970d320bd3a6592873c85c92a08731/PyYAML-6.0.2-cp313-cp313-macosx_11_0_arm64.whl", hash = "sha256:50187695423ffe49e2deacb8cd10510bc361faac997de9efef88badc3bb9e2d1", size = 171679 },
    { url = "https://files.pythonhosted.org/packages/7c/9a/337322f27005c33bcb656c655fa78325b730324c78620e8328ae28b64d0c/PyYAML-6.0.2-cp313-cp313-manylinux_2_17_aarch64.manylinux2014_aarch64.whl", hash = "sha256:0ffe8360bab4910ef1b9e87fb812d8bc0a308b0d0eef8c8f44e0254ab3b07133", size = 733428 },
    { url = "https://files.pythonhosted.org/packages/a3/69/864fbe19e6c18ea3cc196cbe5d392175b4cf3d5d0ac1403ec3f2d237ebb5/PyYAML-6.0.2-cp313-cp313-manylinux_2_17_s390x.manylinux2014_s390x.whl", hash = "sha256:17e311b6c678207928d649faa7cb0d7b4c26a0ba73d41e99c4fff6b6c3276484", size = 763361 },
    { url = "https://files.pythonhosted.org/packages/04/24/b7721e4845c2f162d26f50521b825fb061bc0a5afcf9a386840f23ea19fa/PyYAML-6.0.2-cp313-cp313-manylinux_2_17_x86_64.manylinux2014_x86_64.whl", hash = "sha256:70b189594dbe54f75ab3a1acec5f1e3faa7e8cf2f1e08d9b561cb41b845f69d5", size = 759523 },
    { url = "https://files.pythonhosted.org/packages/2b/b2/e3234f59ba06559c6ff63c4e10baea10e5e7df868092bf9ab40e5b9c56b6/PyYAML-6.0.2-cp313-cp313-musllinux_1_1_aarch64.whl", hash = "sha256:41e4e3953a79407c794916fa277a82531dd93aad34e29c2a514c2c0c5fe971cc", size = 726660 },
    { url = "https://files.pythonhosted.org/packages/fe/0f/25911a9f080464c59fab9027482f822b86bf0608957a5fcc6eaac85aa515/PyYAML-6.0.2-cp313-cp313-musllinux_1_1_x86_64.whl", hash = "sha256:68ccc6023a3400877818152ad9a1033e3db8625d899c72eacb5a668902e4d652", size = 751597 },
    { url = "https://files.pythonhosted.org/packages/14/0d/e2c3b43bbce3cf6bd97c840b46088a3031085179e596d4929729d8d68270/PyYAML-6.0.2-cp313-cp313-win32.whl", hash = "sha256:bc2fa7c6b47d6bc618dd7fb02ef6fdedb1090ec036abab80d4681424b84c1183", size = 140527 },
    { url = "https://files.pythonhosted.org/packages/fa/de/02b54f42487e3d3c6efb3f89428677074ca7bf43aae402517bc7cca949f3/PyYAML-6.0.2-cp313-cp313-win_amd64.whl", hash = "sha256:8388ee1976c416731879ac16da0aff3f63b286ffdd57cdeb95f3f2e085687563", size = 156446 },
]

[[package]]
name = "redis"
version = "6.2.0"
source = { registry = "https://pypi.org/simple" }
sdist = { url = "https://files.pythonhosted.org/packages/ea/9a/0551e01ba52b944f97480721656578c8a7c46b51b99d66814f85fe3a4f3e/redis-6.2.0.tar.gz", hash = "sha256:e821f129b75dde6cb99dd35e5c76e8c49512a5a0d8dfdc560b2fbd44b85ca977", size = 4639129 }
wheels = [
    { url = "https://files.pythonhosted.org/packages/13/67/e60968d3b0e077495a8fee89cf3f2373db98e528288a48f1ee44967f6e8c/redis-6.2.0-py3-none-any.whl", hash = "sha256:c8ddf316ee0aab65f04a11229e94a64b2618451dab7a67cb2f77eb799d872d5e", size = 278659 },
]

[[package]]
name = "referencing"
version = "0.36.2"
source = { registry = "https://pypi.org/simple" }
dependencies = [
    { name = "attrs" },
    { name = "rpds-py" },
]
sdist = { url = "https://files.pythonhosted.org/packages/2f/db/98b5c277be99dd18bfd91dd04e1b759cad18d1a338188c936e92f921c7e2/referencing-0.36.2.tar.gz", hash = "sha256:df2e89862cd09deabbdba16944cc3f10feb6b3e6f18e902f7cc25609a34775aa", size = 74744 }
wheels = [
    { url = "https://files.pythonhosted.org/packages/c1/b1/3baf80dc6d2b7bc27a95a67752d0208e410351e3feb4eb78de5f77454d8d/referencing-0.36.2-py3-none-any.whl", hash = "sha256:e8699adbbf8b5c7de96d8ffa0eb5c158b3beafce084968e2ea8bb08c6794dcd0", size = 26775 },
]

[[package]]
name = "requests"
version = "2.32.4"
source = { registry = "https://pypi.org/simple" }
dependencies = [
    { name = "certifi" },
    { name = "charset-normalizer" },
    { name = "idna" },
    { name = "urllib3" },
]
sdist = { url = "https://files.pythonhosted.org/packages/e1/0a/929373653770d8a0d7ea76c37de6e41f11eb07559b103b1c02cafb3f7cf8/requests-2.32.4.tar.gz", hash = "sha256:27d0316682c8a29834d3264820024b62a36942083d52caf2f14c0591336d3422", size = 135258 }
wheels = [
    { url = "https://files.pythonhosted.org/packages/7c/e4/56027c4a6b4ae70ca9de302488c5ca95ad4a39e190093d6c1a8ace08341b/requests-2.32.4-py3-none-any.whl", hash = "sha256:27babd3cda2a6d50b30443204ee89830707d396671944c998b5975b031ac2b2c", size = 64847 },
]

[[package]]
name = "rpds-py"
version = "0.25.1"
source = { registry = "https://pypi.org/simple" }
sdist = { url = "https://files.pythonhosted.org/packages/8c/a6/60184b7fc00dd3ca80ac635dd5b8577d444c57e8e8742cecabfacb829921/rpds_py-0.25.1.tar.gz", hash = "sha256:8960b6dac09b62dac26e75d7e2c4a22efb835d827a7278c34f72b2b84fa160e3", size = 27304 }
wheels = [
    { url = "https://files.pythonhosted.org/packages/2b/da/323848a2b62abe6a0fec16ebe199dc6889c5d0a332458da8985b2980dffe/rpds_py-0.25.1-cp313-cp313-macosx_10_12_x86_64.whl", hash = "sha256:659d87430a8c8c704d52d094f5ba6fa72ef13b4d385b7e542a08fc240cb4a559", size = 364498 },
    { url = "https://files.pythonhosted.org/packages/1f/b4/4d3820f731c80fd0cd823b3e95b9963fec681ae45ba35b5281a42382c67d/rpds_py-0.25.1-cp313-cp313-macosx_11_0_arm64.whl", hash = "sha256:68f6f060f0bbdfb0245267da014d3a6da9be127fe3e8cc4a68c6f833f8a23bb1", size = 350083 },
    { url = "https://files.pythonhosted.org/packages/d5/b1/3a8ee1c9d480e8493619a437dec685d005f706b69253286f50f498cbdbcf/rpds_py-0.25.1-cp313-cp313-manylinux_2_17_aarch64.manylinux2014_aarch64.whl", hash = "sha256:083a9513a33e0b92cf6e7a6366036c6bb43ea595332c1ab5c8ae329e4bcc0a9c", size = 389023 },
    { url = "https://files.pythonhosted.org/packages/3b/31/17293edcfc934dc62c3bf74a0cb449ecd549531f956b72287203e6880b87/rpds_py-0.25.1-cp313-cp313-manylinux_2_17_armv7l.manylinux2014_armv7l.whl", hash = "sha256:816568614ecb22b18a010c7a12559c19f6fe993526af88e95a76d5a60b8b75fb", size = 403283 },
    { url = "https://files.pythonhosted.org/packages/d1/ca/e0f0bc1a75a8925024f343258c8ecbd8828f8997ea2ac71e02f67b6f5299/rpds_py-0.25.1-cp313-cp313-manylinux_2_17_ppc64le.manylinux2014_ppc64le.whl", hash = "sha256:3c6564c0947a7f52e4792983f8e6cf9bac140438ebf81f527a21d944f2fd0a40", size = 524634 },
    { url = "https://files.pythonhosted.org/packages/3e/03/5d0be919037178fff33a6672ffc0afa04ea1cfcb61afd4119d1b5280ff0f/rpds_py-0.25.1-cp313-cp313-manylinux_2_17_s390x.manylinux2014_s390x.whl", hash = "sha256:5c4a128527fe415d73cf1f70a9a688d06130d5810be69f3b553bf7b45e8acf79", size = 416233 },
    { url = "https://files.pythonhosted.org/packages/05/7c/8abb70f9017a231c6c961a8941403ed6557664c0913e1bf413cbdc039e75/rpds_py-0.25.1-cp313-cp313-manylinux_2_17_x86_64.manylinux2014_x86_64.whl", hash = "sha256:a49e1d7a4978ed554f095430b89ecc23f42014a50ac385eb0c4d163ce213c325", size = 390375 },
    { url = "https://files.pythonhosted.org/packages/7a/ac/a87f339f0e066b9535074a9f403b9313fd3892d4a164d5d5f5875ac9f29f/rpds_py-0.25.1-cp313-cp313-manylinux_2_5_i686.manylinux1_i686.whl", hash = "sha256:d74ec9bc0e2feb81d3f16946b005748119c0f52a153f6db6a29e8cd68636f295", size = 424537 },
    { url = "https://files.pythonhosted.org/packages/1f/8f/8d5c1567eaf8c8afe98a838dd24de5013ce6e8f53a01bd47fe8bb06b5533/rpds_py-0.25.1-cp313-cp313-musllinux_1_2_aarch64.whl", hash = "sha256:3af5b4cc10fa41e5bc64e5c198a1b2d2864337f8fcbb9a67e747e34002ce812b", size = 566425 },
    { url = "https://files.pythonhosted.org/packages/95/33/03016a6be5663b389c8ab0bbbcca68d9e96af14faeff0a04affcb587e776/rpds_py-0.25.1-cp313-cp313-musllinux_1_2_i686.whl", hash = "sha256:79dc317a5f1c51fd9c6a0c4f48209c6b8526d0524a6904fc1076476e79b00f98", size = 595197 },
    { url = "https://files.pythonhosted.org/packages/33/8d/da9f4d3e208c82fda311bff0cf0a19579afceb77cf456e46c559a1c075ba/rpds_py-0.25.1-cp313-cp313-musllinux_1_2_x86_64.whl", hash = "sha256:1521031351865e0181bc585147624d66b3b00a84109b57fcb7a779c3ec3772cd", size = 561244 },
    { url = "https://files.pythonhosted.org/packages/e2/b3/39d5dcf7c5f742ecd6dbc88f6f84ae54184b92f5f387a4053be2107b17f1/rpds_py-0.25.1-cp313-cp313-win32.whl", hash = "sha256:5d473be2b13600b93a5675d78f59e63b51b1ba2d0476893415dfbb5477e65b31", size = 222254 },
    { url = "https://files.pythonhosted.org/packages/5f/19/2d6772c8eeb8302c5f834e6d0dfd83935a884e7c5ce16340c7eaf89ce925/rpds_py-0.25.1-cp313-cp313-win_amd64.whl", hash = "sha256:a7b74e92a3b212390bdce1d93da9f6488c3878c1d434c5e751cbc202c5e09500", size = 234741 },
    { url = "https://files.pythonhosted.org/packages/5b/5a/145ada26cfaf86018d0eb304fe55eafdd4f0b6b84530246bb4a7c4fb5c4b/rpds_py-0.25.1-cp313-cp313-win_arm64.whl", hash = "sha256:dd326a81afe332ede08eb39ab75b301d5676802cdffd3a8f287a5f0b694dc3f5", size = 224830 },
    { url = "https://files.pythonhosted.org/packages/4b/ca/d435844829c384fd2c22754ff65889c5c556a675d2ed9eb0e148435c6690/rpds_py-0.25.1-cp313-cp313t-macosx_10_12_x86_64.whl", hash = "sha256:a58d1ed49a94d4183483a3ce0af22f20318d4a1434acee255d683ad90bf78129", size = 359668 },
    { url = "https://files.pythonhosted.org/packages/1f/01/b056f21db3a09f89410d493d2f6614d87bb162499f98b649d1dbd2a81988/rpds_py-0.25.1-cp313-cp313t-macosx_11_0_arm64.whl", hash = "sha256:f251bf23deb8332823aef1da169d5d89fa84c89f67bdfb566c49dea1fccfd50d", size = 345649 },
    { url = "https://files.pythonhosted.org/packages/e0/0f/e0d00dc991e3d40e03ca36383b44995126c36b3eafa0ccbbd19664709c88/rpds_py-0.25.1-cp313-cp313t-manylinux_2_17_aarch64.manylinux2014_aarch64.whl", hash = "sha256:8dbd586bfa270c1103ece2109314dd423df1fa3d9719928b5d09e4840cec0d72", size = 384776 },
    { url = "https://files.pythonhosted.org/packages/9f/a2/59374837f105f2ca79bde3c3cd1065b2f8c01678900924949f6392eab66d/rpds_py-0.25.1-cp313-cp313t-manylinux_2_17_armv7l.manylinux2014_armv7l.whl", hash = "sha256:6d273f136e912aa101a9274c3145dcbddbe4bac560e77e6d5b3c9f6e0ed06d34", size = 395131 },
    { url = "https://files.pythonhosted.org/packages/9c/dc/48e8d84887627a0fe0bac53f0b4631e90976fd5d35fff8be66b8e4f3916b/rpds_py-0.25.1-cp313-cp313t-manylinux_2_17_ppc64le.manylinux2014_ppc64le.whl", hash = "sha256:666fa7b1bd0a3810a7f18f6d3a25ccd8866291fbbc3c9b912b917a6715874bb9", size = 520942 },
    { url = "https://files.pythonhosted.org/packages/7c/f5/ee056966aeae401913d37befeeab57a4a43a4f00099e0a20297f17b8f00c/rpds_py-0.25.1-cp313-cp313t-manylinux_2_17_s390x.manylinux2014_s390x.whl", hash = "sha256:921954d7fbf3fccc7de8f717799304b14b6d9a45bbeec5a8d7408ccbf531faf5", size = 411330 },
    { url = "https://files.pythonhosted.org/packages/ab/74/b2cffb46a097cefe5d17f94ede7a174184b9d158a0aeb195f39f2c0361e8/rpds_py-0.25.1-cp313-cp313t-manylinux_2_17_x86_64.manylinux2014_x86_64.whl", hash = "sha256:f3d86373ff19ca0441ebeb696ef64cb58b8b5cbacffcda5a0ec2f3911732a194", size = 387339 },
    { url = "https://files.pythonhosted.org/packages/7f/9a/0ff0b375dcb5161c2b7054e7d0b7575f1680127505945f5cabaac890bc07/rpds_py-0.25.1-cp313-cp313t-manylinux_2_5_i686.manylinux1_i686.whl", hash = "sha256:c8980cde3bb8575e7c956a530f2c217c1d6aac453474bf3ea0f9c89868b531b6", size = 418077 },
    { url = "https://files.pythonhosted.org/packages/0d/a1/fda629bf20d6b698ae84c7c840cfb0e9e4200f664fc96e1f456f00e4ad6e/rpds_py-0.25.1-cp313-cp313t-musllinux_1_2_aarch64.whl", hash = "sha256:8eb8c84ecea987a2523e057c0d950bcb3f789696c0499290b8d7b3107a719d78", size = 562441 },
    { url = "https://files.pythonhosted.org/packages/20/15/ce4b5257f654132f326f4acd87268e1006cc071e2c59794c5bdf4bebbb51/rpds_py-0.25.1-cp313-cp313t-musllinux_1_2_i686.whl", hash = "sha256:e43a005671a9ed5a650f3bc39e4dbccd6d4326b24fb5ea8be5f3a43a6f576c72", size = 590750 },
    { url = "https://files.pythonhosted.org/packages/fb/ab/e04bf58a8d375aeedb5268edcc835c6a660ebf79d4384d8e0889439448b0/rpds_py-0.25.1-cp313-cp313t-musllinux_1_2_x86_64.whl", hash = "sha256:58f77c60956501a4a627749a6dcb78dac522f249dd96b5c9f1c6af29bfacfb66", size = 558891 },
    { url = "https://files.pythonhosted.org/packages/90/82/cb8c6028a6ef6cd2b7991e2e4ced01c854b6236ecf51e81b64b569c43d73/rpds_py-0.25.1-cp313-cp313t-win32.whl", hash = "sha256:2cb9e5b5e26fc02c8a4345048cd9998c2aca7c2712bd1b36da0c72ee969a3523", size = 218718 },
    { url = "https://files.pythonhosted.org/packages/b6/97/5a4b59697111c89477d20ba8a44df9ca16b41e737fa569d5ae8bff99e650/rpds_py-0.25.1-cp313-cp313t-win_amd64.whl", hash = "sha256:401ca1c4a20cc0510d3435d89c069fe0a9ae2ee6495135ac46bdd49ec0495763", size = 232218 },
]

[[package]]
name = "sd-graph"
version = "0.1.0"
source = { virtual = "." }
dependencies = [
    { name = "connexion", extra = ["swagger-ui"] },
    { name = "flask" },
    { name = "flask-caching" },
    { name = "flask-cors" },
    { name = "flask-dotenv" },
    { name = "jinja2" },
    { name = "lxml" },
    { name = "neo4j" },
    { name = "python-dotenv" },
    { name = "pyyaml" },
    { name = "redis" },
    { name = "requests" },
    { name = "tqdm" },
    { name = "werkzeug" },
]

[package.dev-dependencies]
webserver = [
    { name = "gunicorn" },
    { name = "swagger-server" },
]

[package.metadata]
requires-dist = [
    { name = "connexion", extras = ["swagger-ui"], specifier = "<3.0.0" },
    { name = "flask", specifier = ">=2.2.5" },
    { name = "flask-caching", specifier = ">=2.3.1" },
    { name = "flask-cors", specifier = ">=6.0.1" },
    { name = "flask-dotenv", specifier = ">=0.1.2" },
    { name = "jinja2", specifier = ">=3.1.6" },
    { name = "lxml", specifier = ">=5.4.0" },
    { name = "neo4j", specifier = ">=5.28.1" },
    { name = "python-dotenv", specifier = ">=1.1.1" },
    { name = "pyyaml", specifier = ">=6.0.2" },
    { name = "redis", specifier = ">=6.2.0" },
    { name = "requests", specifier = ">=2.32.4" },
    { name = "tqdm", specifier = ">=4.67.1" },
    { name = "werkzeug", specifier = ">=2.2.3" },
]

[package.metadata.requires-dev]
webserver = [
    { name = "gunicorn", specifier = ">=23.0.0" },
    { name = "swagger-server", virtual = "api/server" },
]

[[package]]
name = "setuptools"
version = "80.9.0"
source = { registry = "https://pypi.org/simple" }
sdist = { url = "https://files.pythonhosted.org/packages/18/5d/3bf57dcd21979b887f014ea83c24ae194cfcd12b9e0fda66b957c69d1fca/setuptools-80.9.0.tar.gz", hash = "sha256:f36b47402ecde768dbfafc46e8e4207b4360c654f1f3bb84475f0a28628fb19c", size = 1319958 }
wheels = [
    { url = "https://files.pythonhosted.org/packages/a3/dc/17031897dae0efacfea57dfd3a82fdd2a2aeb58e0ff71b77b87e44edc772/setuptools-80.9.0-py3-none-any.whl", hash = "sha256:062d34222ad13e0cc312a4c02d73f059e86a4acbfbdea8f8f76b28c99f306922", size = 1201486 },
]

[[package]]
name = "six"
version = "1.17.0"
source = { registry = "https://pypi.org/simple" }
sdist = { url = "https://files.pythonhosted.org/packages/94/e7/b2c673351809dca68a0e064b6af791aa332cf192da575fd474ed7d6f16a2/six-1.17.0.tar.gz", hash = "sha256:ff70335d468e7eb6ec65b95b99d3a2836546063f63acc5171de367e834932a81", size = 34031 }
wheels = [
    { url = "https://files.pythonhosted.org/packages/b7/ce/149a00dd41f10bc29e5921b496af8b574d8413afcd5e30dfa0ed46c2cc5e/six-1.17.0-py2.py3-none-any.whl", hash = "sha256:4721f391ed90541fddacab5acf947aa0d3dc7d27b2e1e8eda2be8970586c3274", size = 11050 },
]

[[package]]
name = "swagger-server"
version = "1.0.0"
source = { virtual = "api/server" }
dependencies = [
    { name = "connexion", extra = ["swagger-ui"] },
    { name = "python-dateutil" },
    { name = "setuptools" },
    { name = "swagger-ui-bundle" },
]

[package.metadata]
requires-dist = [
    { name = "connexion" },
    { name = "connexion", extras = ["swagger-ui"] },
    { name = "python-dateutil" },
    { name = "setuptools" },
    { name = "swagger-ui-bundle", specifier = ">=0.0.2" },
]

[[package]]
name = "swagger-ui-bundle"
version = "0.0.9"
source = { registry = "https://pypi.org/simple" }
dependencies = [
    { name = "jinja2" },
]
sdist = { url = "https://files.pythonhosted.org/packages/77/da/a2448ccfe19d58c49a8bceda47dc960d8622f5dfa86ecf3b730ffa67b0e3/swagger_ui_bundle-0.0.9.tar.gz", hash = "sha256:b462aa1460261796ab78fd4663961a7f6f347ce01760f1303bbbdf630f11f516", size = 6146075 }
wheels = [
    { url = "https://files.pythonhosted.org/packages/f1/4e/920b2cece4bc0367a60a53dcdb63ad210ea8bfe1fcebb35c6e5f47a69259/swagger_ui_bundle-0.0.9-py3-none-any.whl", hash = "sha256:cea116ed81147c345001027325c1ddc9ca78c1ee7319935c3c75d3669279d575", size = 6213874 },
]

[[package]]
name = "tqdm"
version = "4.67.1"
source = { registry = "https://pypi.org/simple" }
dependencies = [
    { name = "colorama", marker = "sys_platform == 'win32'" },
]
sdist = { url = "https://files.pythonhosted.org/packages/a8/4b/29b4ef32e036bb34e4ab51796dd745cdba7ed47ad142a9f4a1eb8e0c744d/tqdm-4.67.1.tar.gz", hash = "sha256:f8aef9c52c08c13a65f30ea34f4e5aac3fd1a34959879d7e59e63027286627f2", size = 169737 }
wheels = [
    { url = "https://files.pythonhosted.org/packages/d0/30/dc54f88dd4a2b5dc8a0279bdd7270e735851848b762aeb1c1184ed1f6b14/tqdm-4.67.1-py3-none-any.whl", hash = "sha256:26445eca388f82e72884e0d580d5464cd801a3ea01e63e5601bdff9ba6a48de2", size = 78540 },
]

[[package]]
name = "urllib3"
version = "2.5.0"
source = { registry = "https://pypi.org/simple" }
sdist = { url = "https://files.pythonhosted.org/packages/15/22/9ee70a2574a4f4599c47dd506532914ce044817c7752a79b6a51286319bc/urllib3-2.5.0.tar.gz", hash = "sha256:3fc47733c7e419d4bc3f6b3dc2b4f890bb743906a30d56ba4a5bfa4bbff92760", size = 393185 }
wheels = [
    { url = "https://files.pythonhosted.org/packages/a7/c2/fe1e52489ae3122415c51f387e221dd0773709bad6c6cdaa599e8a2c5185/urllib3-2.5.0-py3-none-any.whl", hash = "sha256:e6b01673c0fa6a13e374b50871808eb3bf7046c4b125b216f6bf1cc604cff0dc", size = 129795 },
]

[[package]]
name = "werkzeug"
version = "2.2.3"
source = { registry = "https://pypi.org/simple" }
dependencies = [
    { name = "markupsafe" },
]
sdist = { url = "https://files.pythonhosted.org/packages/02/3c/baaebf3235c87d61d6593467056d5a8fba7c75ac838b8d100a5e64eba7a0/Werkzeug-2.2.3.tar.gz", hash = "sha256:2e1ccc9417d4da358b9de6f174e3ac094391ea1d4fbef2d667865d819dfd0afe", size = 845884 }
wheels = [
    { url = "https://files.pythonhosted.org/packages/f6/f8/9da63c1617ae2a1dec2fbf6412f3a0cfe9d4ce029eccbda6e1e4258ca45f/Werkzeug-2.2.3-py3-none-any.whl", hash = "sha256:56433961bc1f12533306c624f3be5e744389ac61d722175d543e1751285da612", size = 233551 },
]
